
Microsoft Visual Studio Solution File, Format Version 12.00
# Visual Studio Version 17
VisualStudioVersion = 17.14.36301.6 d17.14
MinimumVisualStudioVersion = 15.0.26124.0
Project("{FAE04EC0-301F-11D3-BF4B-00C04F79EFBC}") = "Life", "Life\Life.csproj", "{553EF050-2D6A-4BFA-9E64-165BEBEF9B01}"
EndProject
Project("{FAE04EC0-301F-11D3-BF4B-00C04F79EFBC}") = "Tests", "Tests\Tests.csproj", "{F9E82521-EBAE-4799-940B-FD7A8EBB846D}"
	ProjectSection(ProjectDependencies) = postProject
		{553EF050-2D6A-4BFA-9E64-165BEBEF9B01} = {553EF050-2D6A-4BFA-9E64-165BEBEF9B01}
	EndProjectSection
EndProject
Global
	GlobalSection(SolutionConfigurationPlatforms) = preSolution
		Debug|Any CPU = Debug|Any CPU
		Debug|x64 = Debug|x64
		Debug|x86 = Debug|x86
		Release|Any CPU = Release|Any CPU
		Release|x64 = Release|x64
		Release|x86 = Release|x86
	EndGlobalSection
	GlobalSection(ProjectConfigurationPlatforms) = postSolution
		{553EF050-2D6A-4BFA-9E64-165BEBEF9B01}.Debug|Any CPU.ActiveCfg = Debug|Any CPU
		{553EF050-2D6A-4BFA-9E64-165BEBEF9B01}.Debug|Any CPU.Build.0 = Debug|Any CPU
		{553EF050-2D6A-4BFA-9E64-165BEBEF9B01}.Debug|x64.ActiveCfg = Debug|Any CPU
		{553EF050-2D6A-4BFA-9E64-165BEBEF9B01}.Debug|x64.Build.0 = Debug|Any CPU
		{553EF050-2D6A-4BFA-9E64-165BEBEF9B01}.Debug|x86.ActiveCfg = Debug|Any CPU
		{553EF050-2D6A-4BFA-9E64-165BEBEF9B01}.Debug|x86.Build.0 = Debug|Any CPU
		{553EF050-2D6A-4BFA-9E64-165BEBEF9B01}.Release|Any CPU.ActiveCfg = Release|Any CPU
		{553EF050-2D6A-4BFA-9E64-165BEBEF9B01}.Release|Any CPU.Build.0 = Release|Any CPU
		{553EF050-2D6A-4BFA-9E64-165BEBEF9B01}.Release|x64.ActiveCfg = Release|Any CPU
		{553EF050-2D6A-4BFA-9E64-165BEBEF9B01}.Release|x64.Build.0 = Release|Any CPU
		{553EF050-2D6A-4BFA-9E64-165BEBEF9B01}.Release|x86.ActiveCfg = Release|Any CPU
		{553EF050-2D6A-4BFA-9E64-165BEBEF9B01}.Release|x86.Build.0 = Release|Any CPU
		{F9E82521-EBAE-4799-940B-FD7A8EBB846D}.Debug|Any CPU.ActiveCfg = Debug|Any CPU
		{F9E82521-EBAE-4799-940B-FD7A8EBB846D}.Debug|Any CPU.Build.0 = Debug|Any CPU
		{F9E82521-EBAE-4799-940B-FD7A8EBB846D}.Debug|x64.ActiveCfg = Debug|Any CPU
		{F9E82521-EBAE-4799-940B-FD7A8EBB846D}.Debug|x64.Build.0 = Debug|Any CPU
		{F9E82521-EBAE-4799-940B-FD7A8EBB846D}.Debug|x86.ActiveCfg = Debug|Any CPU
		{F9E82521-EBAE-4799-940B-FD7A8EBB846D}.Debug|x86.Build.0 = Debug|Any CPU
		{F9E82521-EBAE-4799-940B-FD7A8EBB846D}.Release|Any CPU.ActiveCfg = Release|Any CPU
		{F9E82521-EBAE-4799-940B-FD7A8EBB846D}.Release|Any CPU.Build.0 = Release|Any CPU
		{F9E82521-EBAE-4799-940B-FD7A8EBB846D}.Release|x64.ActiveCfg = Release|Any CPU
		{F9E82521-EBAE-4799-940B-FD7A8EBB846D}.Release|x64.Build.0 = Release|Any CPU
		{F9E82521-EBAE-4799-940B-FD7A8EBB846D}.Release|x86.ActiveCfg = Release|Any CPU
		{F9E82521-EBAE-4799-940B-FD7A8EBB846D}.Release|x86.Build.0 = Release|Any CPU
	EndGlobalSection
	GlobalSection(SolutionProperties) = preSolution
		HideSolutionNode = FALSE
	EndGlobalSection
	GlobalSection(ExtensibilityGlobals) = postSolution
		SolutionGuid = {A377E0E0-8586-41BF-BCEB-E9A8F074E52C}
	EndGlobalSection
EndGlobal
